
Microsoft Visual Studio Solution File, Format Version 12.00
# Visual Studio Version 16
VisualStudioVersion = 16.0.33801.447
MinimumVisualStudioVersion = 10.0.40219.1
Project("{FAE04EC0-301F-11D3-BF4B-00C04F79EFBC}") = "Web", "Myproltfolio\Web.csproj", "{F131D72A-A2DD-4AE1-9032-A93E4CC9CC69}"
EndProject
Project("{FAE04EC0-301F-11D3-BF4B-00C04F79EFBC}") = "Core", "Core\Core.csproj", "{6AB97866-4694-4A01-9C53-44226D9ACEEA}"
EndProject
Project("{FAE04EC0-301F-11D3-BF4B-00C04F79EFBC}") = "Infrastructure", "Infrastructure\Infrastructure.csproj", "{C12AE9FC-A87E-4D9F-85D8-EA54924E4C91}"
EndProject
Global
	GlobalSection(SolutionConfigurationPlatforms) = preSolution
		Debug|Any CPU = Debug|Any CPU
		Release|Any CPU = Release|Any CPU
	EndGlobalSection
	GlobalSection(ProjectConfigurationPlatforms) = postSolution
		{F131D72A-A2DD-4AE1-9032-A93E4CC9CC69}.Debug|Any CPU.ActiveCfg = Debug|Any CPU
		{F131D72A-A2DD-4AE1-9032-A93E4CC9CC69}.Debug|Any CPU.Build.0 = Debug|Any CPU
		{F131D72A-A2DD-4AE1-9032-A93E4CC9CC69}.Release|Any CPU.ActiveCfg = Release|Any CPU
		{F131D72A-A2DD-4AE1-9032-A93E4CC9CC69}.Release|Any CPU.Build.0 = Release|Any CPU
		{6AB97866-4694-4A01-9C53-44226D9ACEEA}.Debug|Any CPU.ActiveCfg = Debug|Any CPU
		{6AB97866-4694-4A01-9C53-44226D9ACEEA}.Debug|Any CPU.Build.0 = Debug|Any CPU
		{6AB97866-4694-4A01-9C53-44226D9ACEEA}.Release|Any CPU.ActiveCfg = Release|Any CPU
		{6AB97866-4694-4A01-9C53-44226D9ACEEA}.Release|Any CPU.Build.0 = Release|Any CPU
		{C12AE9FC-A87E-4D9F-85D8-EA54924E4C91}.Debug|Any CPU.ActiveCfg = Debug|Any CPU
		{C12AE9FC-A87E-4D9F-85D8-EA54924E4C91}.Debug|Any CPU.Build.0 = Debug|Any CPU
		{C12AE9FC-A87E-4D9F-85D8-EA54924E4C91}.Release|Any CPU.ActiveCfg = Release|Any CPU
		{C12AE9FC-A87E-4D9F-85D8-EA54924E4C91}.Release|Any CPU.Build.0 = Release|Any CPU
	EndGlobalSection
	GlobalSection(SolutionProperties) = preSolution
		HideSolutionNode = FALSE
	EndGlobalSection
	GlobalSection(ExtensibilityGlobals) = postSolution
		SolutionGuid = {46C7B6EA-70B7-4281-8A95-E3BC1749AA6B}
	EndGlobalSection
EndGlobal
